<Solution>
  <Project Path="YooAsset.csproj" />
  <Project Path="YooAsset.Editor.csproj" />
  <Project Path="HS.csproj" />
  <Project Path="spine-unity-editor.csproj" />
  <Project Path="spine-unity.csproj" />
  <Project Path="Assembly-CSharp.csproj" />
  <Project Path="UnityWebSocket.Runtime.csproj" />
  <Project Path="Assembly-CSharp-firstpass.csproj" />
  <Project Path="EnhancedScroller_asmdef.csproj" />
  <Project Path="HSEditor.csproj" />
  <Project Path="Main.csproj" />
  <Project Path="UnityWebSocket.Editor.csproj" />
  <Project Path="Assembly-CSharp-Editor.csproj" />
</Solution>
